
Microsoft Visual Studio Solution File, Format Version 12.00
# Visual Studio Version 17
VisualStudioVersion = 17.0.31912.275
MinimumVisualStudioVersion = 10.0.40219.1
Project("{FAE04EC0-301F-11D3-BF4B-00C04F79EFBC}") = "Builder", "Builder\Builder.csproj", "{39CA5953-78D0-4D2E-AAB6-94B80078719C}"
EndProject
Global
	GlobalSection(SolutionConfigurationPlatforms) = preSolution
		Debug|Any CPU = Debug|Any CPU
		Release|Any CPU = Release|Any CPU
	EndGlobalSection
	GlobalSection(ProjectConfigurationPlatforms) = postSolution
		{39CA5953-78D0-4D2E-AAB6-94B80078719C}.Debug|Any CPU.ActiveCfg = Debug|Any CPU
		{39CA5953-78D0-4D2E-AAB6-94B80078719C}.Debug|Any CPU.Build.0 = Debug|Any CPU
		{39CA5953-78D0-4D2E-AAB6-94B80078719C}.Release|Any CPU.ActiveCfg = Release|Any CPU
		{39CA5953-78D0-4D2E-AAB6-94B80078719C}.Release|Any CPU.Build.0 = Release|Any CPU
	EndGlobalSection
	GlobalSection(SolutionProperties) = preSolution
		HideSolutionNode = FALSE
	EndGlobalSection
	GlobalSection(ExtensibilityGlobals) = postSolution
		SolutionGuid = {89550D04-4D2F-4D09-B3DF-BB92D1BE8824}
	EndGlobalSection
EndGlobal
