
Microsoft Visual Studio Solution File, Format Version 12.00
# Visual Studio Version 17
VisualStudioVersion = 17.0.31912.275
MinimumVisualStudioVersion = 10.0.40219.1
Project("{FAE04EC0-301F-11D3-BF4B-00C04F79EFBC}") = "singleton2", "singleton2\singleton2.csproj", "{69FEAFA6-9467-41B9-A77F-8E2E2588829B}"
EndProject
Global
	GlobalSection(SolutionConfigurationPlatforms) = preSolution
		Debug|Any CPU = Debug|Any CPU
		Release|Any CPU = Release|Any CPU
	EndGlobalSection
	GlobalSection(ProjectConfigurationPlatforms) = postSolution
		{69FEAFA6-9467-41B9-A77F-8E2E2588829B}.Debug|Any CPU.ActiveCfg = Debug|Any CPU
		{69FEAFA6-9467-41B9-A77F-8E2E2588829B}.Debug|Any CPU.Build.0 = Debug|Any CPU
		{69FEAFA6-9467-41B9-A77F-8E2E2588829B}.Release|Any CPU.ActiveCfg = Release|Any CPU
		{69FEAFA6-9467-41B9-A77F-8E2E2588829B}.Release|Any CPU.Build.0 = Release|Any CPU
	EndGlobalSection
	GlobalSection(SolutionProperties) = preSolution
		HideSolutionNode = FALSE
	EndGlobalSection
	GlobalSection(ExtensibilityGlobals) = postSolution
		SolutionGuid = {A1EF1389-86E8-47E5-B278-B45461CFD960}
	EndGlobalSection
EndGlobal
